# @generated by Move, please check-in and do not edit manually.

[move]
version = 3
manifest_digest = "231A6A2F456DC4E9EDC2D1F5C0E000C4A174DF324BE98F117E030F077426B1D1"
deps_digest = "04732BFEF428F74DE262001DC455D76B909EBC394B034A9A15CC095E4BDD9CEF"
dependencies = [
  { id = "Bridge", name = "Bridge" },
  { id = "MoveStdlib", name = "MoveStdlib" },
  { id = "Sui", name = "Sui" },
  { id = "SuiSystem", name = "SuiSystem" },
  { id = "TokenBridge", name = "TokenBridge" },
  { id = "TokenBridgeRelayerV4", name = "TokenBridgeRelayerV4" },
  { id = "Wormhole", name = "Wormhole" },
  { id = "sui_ptb_resolver", name = "sui_ptb_resolver" },
]

[[move.package]]
id = "Bridge"
source = { git = "https://github.com/MystenLabs/sui.git", rev = "f63c9fc78e2171fa174dc43e757ded416c204558", subdir = "crates/sui-framework/packages/bridge" }

dependencies = [
  { id = "MoveStdlib", name = "MoveStdlib" },
  { id = "Sui", name = "Sui" },
  { id = "SuiSystem", name = "SuiSystem" },
]

[[move.package]]
id = "MoveStdlib"
source = { git = "https://github.com/MystenLabs/sui.git", rev = "f63c9fc78e2171fa174dc43e757ded416c204558", subdir = "crates/sui-framework/packages/move-stdlib" }

[[move.package]]
id = "Sui"
source = { git = "https://github.com/MystenLabs/sui.git", rev = "f63c9fc78e2171fa174dc43e757ded416c204558", subdir = "crates/sui-framework/packages/sui-framework" }

dependencies = [
  { id = "MoveStdlib", name = "MoveStdlib" },
]

[[move.package]]
id = "SuiSystem"
source = { git = "https://github.com/MystenLabs/sui.git", rev = "f63c9fc78e2171fa174dc43e757ded416c204558", subdir = "crates/sui-framework/packages/sui-system" }

dependencies = [
  { id = "MoveStdlib", name = "MoveStdlib" },
  { id = "Sui", name = "Sui" },
]

[[move.package]]
id = "TokenBridge"
source = { git = "https://github.com/wormhole-foundation/wormhole.git", rev = "sui/testnet", subdir = "sui/token_bridge" }

dependencies = [
  { id = "Sui", name = "Sui" },
  { id = "Wormhole", name = "Wormhole" },
]

[[move.package]]
id = "TokenBridgeRelayerV4"
source = { git = "https://github.com/wormholelabs-xyz/example-permissionless-token-bridge-executor-shim.git", rev = "sui_tbr_v4", subdir = "sui/token_bridge_relayer" }

dependencies = [
  { id = "Bridge", name = "Bridge" },
  { id = "MoveStdlib", name = "MoveStdlib" },
  { id = "Sui", name = "Sui" },
  { id = "SuiSystem", name = "SuiSystem" },
  { id = "TokenBridge", name = "TokenBridge" },
  { id = "Wormhole", name = "Wormhole" },
  { id = "executor", name = "executor" },
  { id = "executor_requests", name = "executor_requests" },
]

[[move.package]]
id = "Wormhole"
source = { git = "https://github.com/wormhole-foundation/wormhole.git", rev = "sui/testnet", subdir = "sui/wormhole" }

dependencies = [
  { id = "Sui", name = "Sui" },
]

[[move.package]]
id = "executor"
source = { git = "https://github.com/wormholelabs-xyz/example-messaging-executor.git", rev = "main", subdir = "sui/executor" }

dependencies = [
  { id = "Bridge", name = "Bridge" },
  { id = "MoveStdlib", name = "MoveStdlib" },
  { id = "Sui", name = "Sui" },
  { id = "SuiSystem", name = "SuiSystem" },
]

[[move.package]]
id = "executor_requests"
source = { git = "https://github.com/wormholelabs-xyz/example-messaging-executor.git", rev = "main", subdir = "sui/executor_requests" }

dependencies = [
  { id = "Bridge", name = "Bridge" },
  { id = "MoveStdlib", name = "MoveStdlib" },
  { id = "Sui", name = "Sui" },
  { id = "SuiSystem", name = "SuiSystem" },
  { id = "executor", name = "executor" },
]

[[move.package]]
id = "sui_ptb_resolver"
source = { git = "https://github.com/wormholelabs-xyz/sui-ptb-resolver.git", rev = "main", subdir = "sui_ptb_resolver" }

dependencies = [
  { id = "Bridge", name = "Bridge" },
  { id = "MoveStdlib", name = "MoveStdlib" },
  { id = "Sui", name = "Sui" },
  { id = "SuiSystem", name = "SuiSystem" },
]

[move.toolchain-version]
compiler-version = "1.57.0"
edition = "2024.beta"
flavor = "sui"

[env]

[env.testnet]
chain-id = "4c78adac"
original-published-id = "0x413e2567a1670be162c1e2f73262b24ceec0688d8ca0004cb75352277f2db733"
latest-published-id = "0x413e2567a1670be162c1e2f73262b24ceec0688d8ca0004cb75352277f2db733"
published-version = "1"
